
Microsoft Visual Studio Solution File, Format Version 12.00
# Visual Studio Version 17
VisualStudioVersion = 17.5.33516.290
MinimumVisualStudioVersion = 10.0.40219.1
Project("{FAE04EC0-301F-11D3-BF4B-00C04F79EFBC}") = "TaskFive", "TaskFive\TaskFive.csproj", "{B58E831C-6413-4506-9B57-A906FB8B22B9}"
EndProject
Global
	GlobalSection(SolutionConfigurationPlatforms) = preSolution
		Debug|Any CPU = Debug|Any CPU
		Release|Any CPU = Release|Any CPU
	EndGlobalSection
	GlobalSection(ProjectConfigurationPlatforms) = postSolution
		{B58E831C-6413-4506-9B57-A906FB8B22B9}.Debug|Any CPU.ActiveCfg = Debug|Any CPU
		{B58E831C-6413-4506-9B57-A906FB8B22B9}.Debug|Any CPU.Build.0 = Debug|Any CPU
		{B58E831C-6413-4506-9B57-A906FB8B22B9}.Release|Any CPU.ActiveCfg = Release|Any CPU
		{B58E831C-6413-4506-9B57-A906FB8B22B9}.Release|Any CPU.Build.0 = Release|Any CPU
	EndGlobalSection
	GlobalSection(SolutionProperties) = preSolution
		HideSolutionNode = FALSE
	EndGlobalSection
	GlobalSection(ExtensibilityGlobals) = postSolution
		SolutionGuid = {CEB54F37-2851-439F-ACEA-41D076E90BBB}
	EndGlobalSection
EndGlobal
